
Microsoft Visual Studio Solution File, Format Version 12.00
# Visual Studio Version 17
VisualStudioVersion = 17.12.35527.113 d17.12
MinimumVisualStudioVersion = 10.0.40219.1
Project("{FAE04EC0-301F-11D3-BF4B-00C04F79EFBC}") = "authentication&authorization", "authentication&authorization\authentication&authorization.csproj", "{DED55268-AC0E-4946-80BB-17D24D3841BE}"
EndProject
Global
	GlobalSection(SolutionConfigurationPlatforms) = preSolution
		Debug|Any CPU = Debug|Any CPU
		Release|Any CPU = Release|Any CPU
	EndGlobalSection
	GlobalSection(ProjectConfigurationPlatforms) = postSolution
		{DED55268-AC0E-4946-80BB-17D24D3841BE}.Debug|Any CPU.ActiveCfg = Debug|Any CPU
		{DED55268-AC0E-4946-80BB-17D24D3841BE}.Debug|Any CPU.Build.0 = Debug|Any CPU
		{DED55268-AC0E-4946-80BB-17D24D3841BE}.Release|Any CPU.ActiveCfg = Release|Any CPU
		{DED55268-AC0E-4946-80BB-17D24D3841BE}.Release|Any CPU.Build.0 = Release|Any CPU
	EndGlobalSection
	GlobalSection(SolutionProperties) = preSolution
		HideSolutionNode = FALSE
	EndGlobalSection
EndGlobal
